// !$*UTF8*$!
{
	archiveVersion = 1;
	classes = {
	};
	objectVersion = 56;
	objects = {

/* Begin PBXBuildFile section */
		226CF7D329673F43007555F2 /* AuthController.swift in Sources */ = {isa = PBXBuildFile; fileRef = 226CF7D229673F43007555F2 /* AuthController.swift */; };
		226CF7D529674E7D007555F2 /* SACollectionView.swift in Sources */ = {isa = PBXBuildFile; fileRef = 226CF7D429674E7D007555F2 /* SACollectionView.swift */; };
		226CF7D82968FC47007555F2 /* Coordinator.swift in Sources */ = {isa = PBXBuildFile; fileRef = 226CF7D72968FC47007555F2 /* Coordinator.swift */; };
		226CF7DB2968FD30007555F2 /* LoginCoordinator.swift in Sources */ = {isa = PBXBuildFile; fileRef = 226CF7DA2968FD30007555F2 /* LoginCoordinator.swift */; };
		226CF7DF2968FE64007555F2 /* LoginFactory.swift in Sources */ = {isa = PBXBuildFile; fileRef = 226CF7DE2968FE64007555F2 /* LoginFactory.swift */; };
		226CF7E12968FF40007555F2 /* FlowController.swift in Sources */ = {isa = PBXBuildFile; fileRef = 226CF7E02968FF40007555F2 /* FlowController.swift */; };
		226CF7E4296905EB007555F2 /* AppCoordinator.swift in Sources */ = {isa = PBXBuildFile; fileRef = 226CF7E3296905EB007555F2 /* AppCoordinator.swift */; };
		226CF7E6296906DB007555F2 /* DashboardCoordinator.swift in Sources */ = {isa = PBXBuildFile; fileRef = 226CF7E5296906DB007555F2 /* DashboardCoordinator.swift */; };
		226CF7E829690927007555F2 /* DashboardFactory.swift in Sources */ = {isa = PBXBuildFile; fileRef = 226CF7E729690927007555F2 /* DashboardFactory.swift */; };
		226CF7EA29691786007555F2 /* AttendanceViewController.swift in Sources */ = {isa = PBXBuildFile; fileRef = 226CF7E929691786007555F2 /* AttendanceViewController.swift */; };
		226CF7EC2969183A007555F2 /* FeesViewController.swift in Sources */ = {isa = PBXBuildFile; fileRef = 226CF7EB2969183A007555F2 /* FeesViewController.swift */; };
		228D75C5295BE03100BBEBFC /* AppDelegate.swift in Sources */ = {isa = PBXBuildFile; fileRef = 228D75C4295BE03100BBEBFC /* AppDelegate.swift */; };
		228D75C7295BE03100BBEBFC /* SceneDelegate.swift in Sources */ = {isa = PBXBuildFile; fileRef = 228D75C6295BE03100BBEBFC /* SceneDelegate.swift */; };
		228D75CE295BE03300BBEBFC /* Assets.xcassets in Resources */ = {isa = PBXBuildFile; fileRef = 228D75CD295BE03300BBEBFC /* Assets.xcassets */; };
		228D75D1295BE03300BBEBFC /* LaunchScreen.storyboard in Resources */ = {isa = PBXBuildFile; fileRef = 228D75CF295BE03300BBEBFC /* LaunchScreen.storyboard */; };
		22E97DE1295DC97C00BD0E15 /* LoginViewController.swift in Sources */ = {isa = PBXBuildFile; fileRef = 22E97DE0295DC97C00BD0E15 /* LoginViewController.swift */; };
		22E97DE3295DD2E700BD0E15 /* RegisterViewController.swift in Sources */ = {isa = PBXBuildFile; fileRef = 22E97DE2295DD2E700BD0E15 /* RegisterViewController.swift */; };
		22E97DE5295DD30E00BD0E15 /* ForgotPasswordViewController.swift in Sources */ = {isa = PBXBuildFile; fileRef = 22E97DE4295DD30E00BD0E15 /* ForgotPasswordViewController.swift */; };
		22E97DE7295DD32E00BD0E15 /* HomeViewController.swift in Sources */ = {isa = PBXBuildFile; fileRef = 22E97DE6295DD32E00BD0E15 /* HomeViewController.swift */; };
		22E97DEB295DD43300BD0E15 /* LoginView.swift in Sources */ = {isa = PBXBuildFile; fileRef = 22E97DEA295DD43300BD0E15 /* LoginView.swift */; };
		22E97DED295DD4E200BD0E15 /* BaseView.swift in Sources */ = {isa = PBXBuildFile; fileRef = 22E97DEC295DD4E200BD0E15 /* BaseView.swift */; };
		22E97DF2295DE3C000BD0E15 /* UIFont+ext.swift in Sources */ = {isa = PBXBuildFile; fileRef = 22E97DF1295DE3C000BD0E15 /* UIFont+ext.swift */; };
		22E97DF4295DE4C300BD0E15 /* UIColor+ext.swift in Sources */ = {isa = PBXBuildFile; fileRef = 22E97DF3295DE4C300BD0E15 /* UIColor+ext.swift */; };
		22E97DF6295DE7F600BD0E15 /* UIView+ext.swift in Sources */ = {isa = PBXBuildFile; fileRef = 22E97DF5295DE7F600BD0E15 /* UIView+ext.swift */; };
		22E97E1D295DF90900BD0E15 /* Source_Sans_Pro in Resources */ = {isa = PBXBuildFile; fileRef = 22E97E1C295DF90900BD0E15 /* Source_Sans_Pro */; };
		22E97E1F295DFD4D00BD0E15 /* SATextField.swift in Sources */ = {isa = PBXBuildFile; fileRef = 22E97E1E295DFD4D00BD0E15 /* SATextField.swift */; };
		22E97E21295E09FB00BD0E15 /* UITextField+ext.swift in Sources */ = {isa = PBXBuildFile; fileRef = 22E97E20295E09FB00BD0E15 /* UITextField+ext.swift */; };
		22E97E23295E5B1800BD0E15 /* UIImage+ext.swift in Sources */ = {isa = PBXBuildFile; fileRef = 22E97E22295E5B1800BD0E15 /* UIImage+ext.swift */; };
		22E97E27295E64F600BD0E15 /* UIButton+ext.swift in Sources */ = {isa = PBXBuildFile; fileRef = 22E97E26295E64F600BD0E15 /* UIButton+ext.swift */; };
		22E97E29295E65FC00BD0E15 /* LoginButton.swift in Sources */ = {isa = PBXBuildFile; fileRef = 22E97E28295E65FC00BD0E15 /* LoginButton.swift */; };
		22E97E2D2960A54100BD0E15 /* HomeView.swift in Sources */ = {isa = PBXBuildFile; fileRef = 22E97E2C2960A54100BD0E15 /* HomeView.swift */; };
		22E97E2F2961B4F000BD0E15 /* PaddingLabel.swift in Sources */ = {isa = PBXBuildFile; fileRef = 22E97E2E2961B4F000BD0E15 /* PaddingLabel.swift */; };
		22E97E312961F6E900BD0E15 /* ProfileButton.swift in Sources */ = {isa = PBXBuildFile; fileRef = 22E97E302961F6E900BD0E15 /* ProfileButton.swift */; };
		22E97E342961FF9A00BD0E15 /* ProfileViewController.swift in Sources */ = {isa = PBXBuildFile; fileRef = 22E97E332961FF9A00BD0E15 /* ProfileViewController.swift */; };
		22E97E36296201E200BD0E15 /* ProfileView.swift in Sources */ = {isa = PBXBuildFile; fileRef = 22E97E35296201E200BD0E15 /* ProfileView.swift */; };
		22E97E382962049500BD0E15 /* HomeMenuEntryCell.swift in Sources */ = {isa = PBXBuildFile; fileRef = 22E97E372962049500BD0E15 /* HomeMenuEntryCell.swift */; };
		22E97E3A29621E6C00BD0E15 /* BaseViewController.swift in Sources */ = {isa = PBXBuildFile; fileRef = 22E97E3929621E6C00BD0E15 /* BaseViewController.swift */; };
		22E97E3C2962300500BD0E15 /* HomeMenuMandatoryEntryCell.swift in Sources */ = {isa = PBXBuildFile; fileRef = 22E97E3B2962300500BD0E15 /* HomeMenuMandatoryEntryCell.swift */; };
		22E97E3E2962302E00BD0E15 /* ReusableView.swift in Sources */ = {isa = PBXBuildFile; fileRef = 22E97E3D2962302E00BD0E15 /* ReusableView.swift */; };
		22E97E40296230E500BD0E15 /* Bebas_Neue in Resources */ = {isa = PBXBuildFile; fileRef = 22E97E3F296230E500BD0E15 /* Bebas_Neue */; };
/* End PBXBuildFile section */

/* Begin PBXFileReference section */
		226CF7D229673F43007555F2 /* AuthController.swift */ = {isa = PBXFileReference; lastKnownFileType = sourcecode.swift; path = AuthController.swift; sourceTree = "<group>"; };
		226CF7D429674E7D007555F2 /* SACollectionView.swift */ = {isa = PBXFileReference; lastKnownFileType = sourcecode.swift; path = SACollectionView.swift; sourceTree = "<group>"; };
		226CF7D72968FC47007555F2 /* Coordinator.swift */ = {isa = PBXFileReference; lastKnownFileType = sourcecode.swift; path = Coordinator.swift; sourceTree = "<group>"; };
		226CF7DA2968FD30007555F2 /* LoginCoordinator.swift */ = {isa = PBXFileReference; lastKnownFileType = sourcecode.swift; path = LoginCoordinator.swift; sourceTree = "<group>"; };
		226CF7DE2968FE64007555F2 /* LoginFactory.swift */ = {isa = PBXFileReference; lastKnownFileType = sourcecode.swift; path = LoginFactory.swift; sourceTree = "<group>"; };
		226CF7E02968FF40007555F2 /* FlowController.swift */ = {isa = PBXFileReference; lastKnownFileType = sourcecode.swift; path = FlowController.swift; sourceTree = "<group>"; };
		226CF7E3296905EB007555F2 /* AppCoordinator.swift */ = {isa = PBXFileReference; lastKnownFileType = sourcecode.swift; path = AppCoordinator.swift; sourceTree = "<group>"; };
		226CF7E5296906DB007555F2 /* DashboardCoordinator.swift */ = {isa = PBXFileReference; lastKnownFileType = sourcecode.swift; path = DashboardCoordinator.swift; sourceTree = "<group>"; };
		226CF7E729690927007555F2 /* DashboardFactory.swift */ = {isa = PBXFileReference; lastKnownFileType = sourcecode.swift; path = DashboardFactory.swift; sourceTree = "<group>"; };
		226CF7E929691786007555F2 /* AttendanceViewController.swift */ = {isa = PBXFileReference; lastKnownFileType = sourcecode.swift; path = AttendanceViewController.swift; sourceTree = "<group>"; };
		226CF7EB2969183A007555F2 /* FeesViewController.swift */ = {isa = PBXFileReference; lastKnownFileType = sourcecode.swift; path = FeesViewController.swift; sourceTree = "<group>"; };
		228D75C1295BE03100BBEBFC /* SchoolAppDemo.app */ = {isa = PBXFileReference; explicitFileType = wrapper.application; includeInIndex = 0; path = SchoolAppDemo.app; sourceTree = BUILT_PRODUCTS_DIR; };
		228D75C4295BE03100BBEBFC /* AppDelegate.swift */ = {isa = PBXFileReference; lastKnownFileType = sourcecode.swift; path = AppDelegate.swift; sourceTree = "<group>"; };
		228D75C6295BE03100BBEBFC /* SceneDelegate.swift */ = {isa = PBXFileReference; lastKnownFileType = sourcecode.swift; path = SceneDelegate.swift; sourceTree = "<group>"; };
		228D75CD295BE03300BBEBFC /* Assets.xcassets */ = {isa = PBXFileReference; lastKnownFileType = folder.assetcatalog; path = Assets.xcassets; sourceTree = "<group>"; };
		228D75D0295BE03300BBEBFC /* Base */ = {isa = PBXFileReference; lastKnownFileType = file.storyboard; name = Base; path = Base.lproj/LaunchScreen.storyboard; sourceTree = "<group>"; };
		228D75D2295BE03300BBEBFC /* Info.plist */ = {isa = PBXFileReference; lastKnownFileType = text.plist.xml; path = Info.plist; sourceTree = "<group>"; };
		22E97DE0295DC97C00BD0E15 /* LoginViewController.swift */ = {isa = PBXFileReference; lastKnownFileType = sourcecode.swift; path = LoginViewController.swift; sourceTree = "<group>"; };
		22E97DE2295DD2E700BD0E15 /* RegisterViewController.swift */ = {isa = PBXFileReference; lastKnownFileType = sourcecode.swift; path = RegisterViewController.swift; sourceTree = "<group>"; };
		22E97DE4295DD30E00BD0E15 /* ForgotPasswordViewController.swift */ = {isa = PBXFileReference; lastKnownFileType = sourcecode.swift; path = ForgotPasswordViewController.swift; sourceTree = "<group>"; };
		22E97DE6295DD32E00BD0E15 /* HomeViewController.swift */ = {isa = PBXFileReference; lastKnownFileType = sourcecode.swift; path = HomeViewController.swift; sourceTree = "<group>"; };
		22E97DEA295DD43300BD0E15 /* LoginView.swift */ = {isa = PBXFileReference; lastKnownFileType = sourcecode.swift; path = LoginView.swift; sourceTree = "<group>"; };
		22E97DEC295DD4E200BD0E15 /* BaseView.swift */ = {isa = PBXFileReference; lastKnownFileType = sourcecode.swift; path = BaseView.swift; sourceTree = "<group>"; };
		22E97DF1295DE3C000BD0E15 /* UIFont+ext.swift */ = {isa = PBXFileReference; lastKnownFileType = sourcecode.swift; path = "UIFont+ext.swift"; sourceTree = "<group>"; };
		22E97DF3295DE4C300BD0E15 /* UIColor+ext.swift */ = {isa = PBXFileReference; lastKnownFileType = sourcecode.swift; path = "UIColor+ext.swift"; sourceTree = "<group>"; };
		22E97DF5295DE7F600BD0E15 /* UIView+ext.swift */ = {isa = PBXFileReference; lastKnownFileType = sourcecode.swift; path = "UIView+ext.swift"; sourceTree = "<group>"; };
		22E97E1C295DF90900BD0E15 /* Source_Sans_Pro */ = {isa = PBXFileReference; lastKnownFileType = folder; path = Source_Sans_Pro; sourceTree = "<group>"; };
		22E97E1E295DFD4D00BD0E15 /* SATextField.swift */ = {isa = PBXFileReference; lastKnownFileType = sourcecode.swift; path = SATextField.swift; sourceTree = "<group>"; };
		22E97E20295E09FB00BD0E15 /* UITextField+ext.swift */ = {isa = PBXFileReference; lastKnownFileType = sourcecode.swift; path = "UITextField+ext.swift"; sourceTree = "<group>"; };
		22E97E22295E5B1800BD0E15 /* UIImage+ext.swift */ = {isa = PBXFileReference; lastKnownFileType = sourcecode.swift; path = "UIImage+ext.swift"; sourceTree = "<group>"; };
		22E97E26295E64F600BD0E15 /* UIButton+ext.swift */ = {isa = PBXFileReference; lastKnownFileType = sourcecode.swift; path = "UIButton+ext.swift"; sourceTree = "<group>"; };
		22E97E28295E65FC00BD0E15 /* LoginButton.swift */ = {isa = PBXFileReference; lastKnownFileType = sourcecode.swift; path = LoginButton.swift; sourceTree = "<group>"; };
		22E97E2C2960A54100BD0E15 /* HomeView.swift */ = {isa = PBXFileReference; lastKnownFileType = sourcecode.swift; path = HomeView.swift; sourceTree = "<group>"; };
		22E97E2E2961B4F000BD0E15 /* PaddingLabel.swift */ = {isa = PBXFileReference; lastKnownFileType = sourcecode.swift; path = PaddingLabel.swift; sourceTree = "<group>"; };
		22E97E302961F6E900BD0E15 /* ProfileButton.swift */ = {isa = PBXFileReference; lastKnownFileType = sourcecode.swift; path = ProfileButton.swift; sourceTree = "<group>"; };
		22E97E332961FF9A00BD0E15 /* ProfileViewController.swift */ = {isa = PBXFileReference; lastKnownFileType = sourcecode.swift; path = ProfileViewController.swift; sourceTree = "<group>"; };
		22E97E35296201E200BD0E15 /* ProfileView.swift */ = {isa = PBXFileReference; lastKnownFileType = sourcecode.swift; path = ProfileView.swift; sourceTree = "<group>"; };
		22E97E372962049500BD0E15 /* HomeMenuEntryCell.swift */ = {isa = PBXFileReference; lastKnownFileType = sourcecode.swift; path = HomeMenuEntryCell.swift; sourceTree = "<group>"; };
		22E97E3929621E6C00BD0E15 /* BaseViewController.swift */ = {isa = PBXFileReference; lastKnownFileType = sourcecode.swift; path = BaseViewController.swift; sourceTree = "<group>"; };
		22E97E3B2962300500BD0E15 /* HomeMenuMandatoryEntryCell.swift */ = {isa = PBXFileReference; lastKnownFileType = sourcecode.swift; path = HomeMenuMandatoryEntryCell.swift; sourceTree = "<group>"; };
		22E97E3D2962302E00BD0E15 /* ReusableView.swift */ = {isa = PBXFileReference; lastKnownFileType = sourcecode.swift; path = ReusableView.swift; sourceTree = "<group>"; };
		22E97E3F296230E500BD0E15 /* Bebas_Neue */ = {isa = PBXFileReference; lastKnownFileType = folder; path = Bebas_Neue; sourceTree = "<group>"; };
/* End PBXFileReference section */

/* Begin PBXFrameworksBuildPhase section */
		228D75BE295BE03100BBEBFC /* Frameworks */ = {
			isa = PBXFrameworksBuildPhase;
			buildActionMask = 2147483647;
			files = (
			);
			runOnlyForDeploymentPostprocessing = 0;
		};
/* End PBXFrameworksBuildPhase section */

/* Begin PBXGroup section */
		226CF7D62968FC3A007555F2 /* Base */ = {
			isa = PBXGroup;
			children = (
				226CF7D72968FC47007555F2 /* Coordinator.swift */,
				226CF7E02968FF40007555F2 /* FlowController.swift */,
			);
			path = Base;
			sourceTree = "<group>";
		};
		226CF7D92968FD0C007555F2 /* Coordinators */ = {
			isa = PBXGroup;
			children = (
				226CF7E2296905CC007555F2 /* Dashboard */,
				226CF7D62968FC3A007555F2 /* Base */,
				226CF7DC2968FE46007555F2 /* Login */,
				226CF7E3296905EB007555F2 /* AppCoordinator.swift */,
			);
			path = Coordinators;
			sourceTree = "<group>";
		};
		226CF7DC2968FE46007555F2 /* Login */ = {
			isa = PBXGroup;
			children = (
				226CF7DA2968FD30007555F2 /* LoginCoordinator.swift */,
				226CF7DE2968FE64007555F2 /* LoginFactory.swift */,
			);
			path = Login;
			sourceTree = "<group>";
		};
		226CF7E2296905CC007555F2 /* Dashboard */ = {
			isa = PBXGroup;
			children = (
				226CF7E5296906DB007555F2 /* DashboardCoordinator.swift */,
				226CF7E729690927007555F2 /* DashboardFactory.swift */,
			);
			path = Dashboard;
			sourceTree = "<group>";
		};
		228D75B8295BE03100BBEBFC = {
			isa = PBXGroup;
			children = (
				228D75C3295BE03100BBEBFC /* SchoolAppDemo */,
				228D75C2295BE03100BBEBFC /* Products */,
			);
			sourceTree = "<group>";
		};
		228D75C2295BE03100BBEBFC /* Products */ = {
			isa = PBXGroup;
			children = (
				228D75C1295BE03100BBEBFC /* SchoolAppDemo.app */,
			);
			name = Products;
			sourceTree = "<group>";
		};
		228D75C3295BE03100BBEBFC /* SchoolAppDemo */ = {
			isa = PBXGroup;
			children = (
				226CF7D92968FD0C007555F2 /* Coordinators */,
				226CF7D229673F43007555F2 /* AuthController.swift */,
				22E97DEC295DD4E200BD0E15 /* BaseView.swift */,
				22E97E3929621E6C00BD0E15 /* BaseViewController.swift */,
				22E97DF0295DE34D00BD0E15 /* Helpers */,
				22E97E2A2960A52600BD0E15 /* Dashboard */,
				22E97DDF295DC95700BD0E15 /* Login */,
				228D75C4295BE03100BBEBFC /* AppDelegate.swift */,
				228D75C6295BE03100BBEBFC /* SceneDelegate.swift */,
				228D75CD295BE03300BBEBFC /* Assets.xcassets */,
				228D75CF295BE03300BBEBFC /* LaunchScreen.storyboard */,
				228D75D2295BE03300BBEBFC /* Info.plist */,
				22E97DF7295DED8200BD0E15 /* Resources */,
			);
			path = SchoolAppDemo;
			sourceTree = "<group>";
		};
		22E97DDF295DC95700BD0E15 /* Login */ = {
			isa = PBXGroup;
			children = (
				22E97DE9295DD41700BD0E15 /* Views */,
				22E97DE8295DD40F00BD0E15 /* Controllers */,
			);
			path = Login;
			sourceTree = "<group>";
		};
		22E97DE8295DD40F00BD0E15 /* Controllers */ = {
			isa = PBXGroup;
			children = (
				22E97DE0295DC97C00BD0E15 /* LoginViewController.swift */,
				22E97DE2295DD2E700BD0E15 /* RegisterViewController.swift */,
				22E97DE4295DD30E00BD0E15 /* ForgotPasswordViewController.swift */,
			);
			path = Controllers;
			sourceTree = "<group>";
		};
		22E97DE9295DD41700BD0E15 /* Views */ = {
			isa = PBXGroup;
			children = (
				22E97DEA295DD43300BD0E15 /* LoginView.swift */,
				22E97E28295E65FC00BD0E15 /* LoginButton.swift */,
			);
			path = Views;
			sourceTree = "<group>";
		};
		22E97DF0295DE34D00BD0E15 /* Helpers */ = {
			isa = PBXGroup;
			children = (
				22E97E1E295DFD4D00BD0E15 /* SATextField.swift */,
				22E97DF1295DE3C000BD0E15 /* UIFont+ext.swift */,
				22E97DF3295DE4C300BD0E15 /* UIColor+ext.swift */,
				22E97DF5295DE7F600BD0E15 /* UIView+ext.swift */,
				22E97E20295E09FB00BD0E15 /* UITextField+ext.swift */,
				22E97E22295E5B1800BD0E15 /* UIImage+ext.swift */,
				22E97E26295E64F600BD0E15 /* UIButton+ext.swift */,
				22E97E2E2961B4F000BD0E15 /* PaddingLabel.swift */,
				22E97E3D2962302E00BD0E15 /* ReusableView.swift */,
				226CF7D429674E7D007555F2 /* SACollectionView.swift */,
			);
			path = Helpers;
			sourceTree = "<group>";
		};
		22E97DF7295DED8200BD0E15 /* Resources */ = {
			isa = PBXGroup;
			children = (
				22E97DF8295DED8B00BD0E15 /* Fonts */,
			);
			path = Resources;
			sourceTree = "<group>";
		};
		22E97DF8295DED8B00BD0E15 /* Fonts */ = {
			isa = PBXGroup;
			children = (
				22E97E3F296230E500BD0E15 /* Bebas_Neue */,
				22E97E1C295DF90900BD0E15 /* Source_Sans_Pro */,
			);
			path = Fonts;
			sourceTree = "<group>";
		};
		22E97E2A2960A52600BD0E15 /* Dashboard */ = {
			isa = PBXGroup;
			children = (
				22E97E2B2960A53300BD0E15 /* Views */,
				22E97E322961FF7B00BD0E15 /* Controllers */,
			);
			path = Dashboard;
			sourceTree = "<group>";
		};
		22E97E2B2960A53300BD0E15 /* Views */ = {
			isa = PBXGroup;
			children = (
				22E97E2C2960A54100BD0E15 /* HomeView.swift */,
				22E97E302961F6E900BD0E15 /* ProfileButton.swift */,
				22E97E35296201E200BD0E15 /* ProfileView.swift */,
				22E97E372962049500BD0E15 /* HomeMenuEntryCell.swift */,
				22E97E3B2962300500BD0E15 /* HomeMenuMandatoryEntryCell.swift */,
			);
			path = Views;
			sourceTree = "<group>";
		};
		22E97E322961FF7B00BD0E15 /* Controllers */ = {
			isa = PBXGroup;
			children = (
				22E97DE6295DD32E00BD0E15 /* HomeViewController.swift */,
				22E97E332961FF9A00BD0E15 /* ProfileViewController.swift */,
				226CF7E929691786007555F2 /* AttendanceViewController.swift */,
				226CF7EB2969183A007555F2 /* FeesViewController.swift */,
			);
			path = Controllers;
			sourceTree = "<group>";
		};
/* End PBXGroup section */

/* Begin PBXNativeTarget section */
		228D75C0295BE03100BBEBFC /* SchoolAppDemo */ = {
			isa = PBXNativeTarget;
			buildConfigurationList = 228D75D5295BE03300BBEBFC /* Build configuration list for PBXNativeTarget "SchoolAppDemo" */;
			buildPhases = (
				228D75BD295BE03100BBEBFC /* Sources */,
				228D75BE295BE03100BBEBFC /* Frameworks */,
				228D75BF295BE03100BBEBFC /* Resources */,
			);
			buildRules = (
			);
			dependencies = (
			);
			name = SchoolAppDemo;
			productName = SchoolAppDemo;
			productReference = 228D75C1295BE03100BBEBFC /* SchoolAppDemo.app */;
			productType = "com.apple.product-type.application";
		};
/* End PBXNativeTarget section */

/* Begin PBXProject section */
		228D75B9295BE03100BBEBFC /* Project object */ = {
			isa = PBXProject;
			attributes = {
				BuildIndependentTargetsInParallel = 1;
				LastSwiftUpdateCheck = 1420;
				LastUpgradeCheck = 1420;
				TargetAttributes = {
					228D75C0295BE03100BBEBFC = {
						CreatedOnToolsVersion = 14.2;
					};
				};
			};
			buildConfigurationList = 228D75BC295BE03100BBEBFC /* Build configuration list for PBXProject "SchoolAppDemo" */;
			compatibilityVersion = "Xcode 14.0";
			developmentRegion = en;
			hasScannedForEncodings = 0;
			knownRegions = (
				en,
				Base,
			);
			mainGroup = 228D75B8295BE03100BBEBFC;
			productRefGroup = 228D75C2295BE03100BBEBFC /* Products */;
			projectDirPath = "";
			projectRoot = "";
			targets = (
				228D75C0295BE03100BBEBFC /* SchoolAppDemo */,
			);
		};
/* End PBXProject section */

/* Begin PBXResourcesBuildPhase section */
		228D75BF295BE03100BBEBFC /* Resources */ = {
			isa = PBXResourcesBuildPhase;
			buildActionMask = 2147483647;
			files = (
				22E97E1D295DF90900BD0E15 /* Source_Sans_Pro in Resources */,
				228D75D1295BE03300BBEBFC /* LaunchScreen.storyboard in Resources */,
				228D75CE295BE03300BBEBFC /* Assets.xcassets in Resources */,
				22E97E40296230E500BD0E15 /* Bebas_Neue in Resources */,
			);
			runOnlyForDeploymentPostprocessing = 0;
		};
/* End PBXResourcesBuildPhase section */

/* Begin PBXSourcesBuildPhase section */
		228D75BD295BE03100BBEBFC /* Sources */ = {
			isa = PBXSourcesBuildPhase;
			buildActionMask = 2147483647;
			files = (
				226CF7E4296905EB007555F2 /* AppCoordinator.swift in Sources */,
				226CF7D529674E7D007555F2 /* SACollectionView.swift in Sources */,
				22E97DE7295DD32E00BD0E15 /* HomeViewController.swift in Sources */,
				22E97E29295E65FC00BD0E15 /* LoginButton.swift in Sources */,
				226CF7E829690927007555F2 /* DashboardFactory.swift in Sources */,
				22E97E342961FF9A00BD0E15 /* ProfileViewController.swift in Sources */,
				22E97E3A29621E6C00BD0E15 /* BaseViewController.swift in Sources */,
				226CF7D329673F43007555F2 /* AuthController.swift in Sources */,
				22E97DEB295DD43300BD0E15 /* LoginView.swift in Sources */,
				22E97DE1295DC97C00BD0E15 /* LoginViewController.swift in Sources */,
				226CF7E6296906DB007555F2 /* DashboardCoordinator.swift in Sources */,
				22E97E1F295DFD4D00BD0E15 /* SATextField.swift in Sources */,
				22E97E2D2960A54100BD0E15 /* HomeView.swift in Sources */,
				22E97E312961F6E900BD0E15 /* ProfileButton.swift in Sources */,
				226CF7E12968FF40007555F2 /* FlowController.swift in Sources */,
				22E97E2F2961B4F000BD0E15 /* PaddingLabel.swift in Sources */,
				226CF7EA29691786007555F2 /* AttendanceViewController.swift in Sources */,
				22E97E21295E09FB00BD0E15 /* UITextField+ext.swift in Sources */,
				22E97E3E2962302E00BD0E15 /* ReusableView.swift in Sources */,
				22E97E382962049500BD0E15 /* HomeMenuEntryCell.swift in Sources */,
				226CF7DF2968FE64007555F2 /* LoginFactory.swift in Sources */,
				22E97E3C2962300500BD0E15 /* HomeMenuMandatoryEntryCell.swift in Sources */,
				22E97DE5295DD30E00BD0E15 /* ForgotPasswordViewController.swift in Sources */,
				226CF7D82968FC47007555F2 /* Coordinator.swift in Sources */,
				226CF7EC2969183A007555F2 /* FeesViewController.swift in Sources */,
				22E97DE3295DD2E700BD0E15 /* RegisterViewController.swift in Sources */,
				22E97E23295E5B1800BD0E15 /* UIImage+ext.swift in Sources */,
				228D75C5295BE03100BBEBFC /* AppDelegate.swift in Sources */,
				228D75C7295BE03100BBEBFC /* SceneDelegate.swift in Sources */,
				226CF7DB2968FD30007555F2 /* LoginCoordinator.swift in Sources */,
				22E97E27295E64F600BD0E15 /* UIButton+ext.swift in Sources */,
				22E97DF2295DE3C000BD0E15 /* UIFont+ext.swift in Sources */,
				22E97DF6295DE7F600BD0E15 /* UIView+ext.swift in Sources */,
				22E97DED295DD4E200BD0E15 /* BaseView.swift in Sources */,
				22E97E36296201E200BD0E15 /* ProfileView.swift in Sources */,
				22E97DF4295DE4C300BD0E15 /* UIColor+ext.swift in Sources */,
			);
			runOnlyForDeploymentPostprocessing = 0;
		};
/* End PBXSourcesBuildPhase section */

/* Begin PBXVariantGroup section */
		228D75CF295BE03300BBEBFC /* LaunchScreen.storyboard */ = {
			isa = PBXVariantGroup;
			children = (
				228D75D0295BE03300BBEBFC /* Base */,
			);
			name = LaunchScreen.storyboard;
			sourceTree = "<group>";
		};
/* End PBXVariantGroup section */

/* Begin XCBuildConfiguration section */
		228D75D3295BE03300BBEBFC /* Debug */ = {
			isa = XCBuildConfiguration;
			buildSettings = {
				ALWAYS_SEARCH_USER_PATHS = NO;
				CLANG_ANALYZER_NONNULL = YES;
				CLANG_ANALYZER_NUMBER_OBJECT_CONVERSION = YES_AGGRESSIVE;
				CLANG_CXX_LANGUAGE_STANDARD = "gnu++20";
				CLANG_ENABLE_MODULES = YES;
				CLANG_ENABLE_OBJC_ARC = YES;
				CLANG_ENABLE_OBJC_WEAK = YES;
				CLANG_WARN_BLOCK_CAPTURE_AUTORELEASING = YES;
				CLANG_WARN_BOOL_CONVERSION = YES;
				CLANG_WARN_COMMA = YES;
				CLANG_WARN_CONSTANT_CONVERSION = YES;
				CLANG_WARN_DEPRECATED_OBJC_IMPLEMENTATIONS = YES;
				CLANG_WARN_DIRECT_OBJC_ISA_USAGE = YES_ERROR;
				CLANG_WARN_DOCUMENTATION_COMMENTS = YES;
				CLANG_WARN_EMPTY_BODY = YES;
				CLANG_WARN_ENUM_CONVERSION = YES;
				CLANG_WARN_INFINITE_RECURSION = YES;
				CLANG_WARN_INT_CONVERSION = YES;
				CLANG_WARN_NON_LITERAL_NULL_CONVERSION = YES;
				CLANG_WARN_OBJC_IMPLICIT_RETAIN_SELF = YES;
				CLANG_WARN_OBJC_LITERAL_CONVERSION = YES;
				CLANG_WARN_OBJC_ROOT_CLASS = YES_ERROR;
				CLANG_WARN_QUOTED_INCLUDE_IN_FRAMEWORK_HEADER = YES;
				CLANG_WARN_RANGE_LOOP_ANALYSIS = YES;
				CLANG_WARN_STRICT_PROTOTYPES = YES;
				CLANG_WARN_SUSPICIOUS_MOVE = YES;
				CLANG_WARN_UNGUARDED_AVAILABILITY = YES_AGGRESSIVE;
				CLANG_WARN_UNREACHABLE_CODE = YES;
				CLANG_WARN__DUPLICATE_METHOD_MATCH = YES;
				COPY_PHASE_STRIP = NO;
				DEBUG_INFORMATION_FORMAT = dwarf;
				ENABLE_STRICT_OBJC_MSGSEND = YES;
				ENABLE_TESTABILITY = YES;
				GCC_C_LANGUAGE_STANDARD = gnu11;
				GCC_DYNAMIC_NO_PIC = NO;
				GCC_NO_COMMON_BLOCKS = YES;
				GCC_OPTIMIZATION_LEVEL = 0;
				GCC_PREPROCESSOR_DEFINITIONS = (
					"DEBUG=1",
					"$(inherited)",
				);
				GCC_WARN_64_TO_32_BIT_CONVERSION = YES;
				GCC_WARN_ABOUT_RETURN_TYPE = YES_ERROR;
				GCC_WARN_UNDECLARED_SELECTOR = YES;
				GCC_WARN_UNINITIALIZED_AUTOS = YES_AGGRESSIVE;
				GCC_WARN_UNUSED_FUNCTION = YES;
				GCC_WARN_UNUSED_VARIABLE = YES;
				IPHONEOS_DEPLOYMENT_TARGET = 16.2;
				MTL_ENABLE_DEBUG_INFO = INCLUDE_SOURCE;
				MTL_FAST_MATH = YES;
				ONLY_ACTIVE_ARCH = YES;
				SDKROOT = iphoneos;
				SWIFT_ACTIVE_COMPILATION_CONDITIONS = DEBUG;
				SWIFT_OPTIMIZATION_LEVEL = "-Onone";
			};
			name = Debug;
		};
		228D75D4295BE03300BBEBFC /* Release */ = {
			isa = XCBuildConfiguration;
			buildSettings = {
				ALWAYS_SEARCH_USER_PATHS = NO;
				CLANG_ANALYZER_NONNULL = YES;
				CLANG_ANALYZER_NUMBER_OBJECT_CONVERSION = YES_AGGRESSIVE;
				CLANG_CXX_LANGUAGE_STANDARD = "gnu++20";
				CLANG_ENABLE_MODULES = YES;
				CLANG_ENABLE_OBJC_ARC = YES;
				CLANG_ENABLE_OBJC_WEAK = YES;
				CLANG_WARN_BLOCK_CAPTURE_AUTORELEASING = YES;
				CLANG_WARN_BOOL_CONVERSION = YES;
				CLANG_WARN_COMMA = YES;
				CLANG_WARN_CONSTANT_CONVERSION = YES;
				CLANG_WARN_DEPRECATED_OBJC_IMPLEMENTATIONS = YES;
				CLANG_WARN_DIRECT_OBJC_ISA_USAGE = YES_ERROR;
				CLANG_WARN_DOCUMENTATION_COMMENTS = YES;
				CLANG_WARN_EMPTY_BODY = YES;
				CLANG_WARN_ENUM_CONVERSION = YES;
				CLANG_WARN_INFINITE_RECURSION = YES;
				CLANG_WARN_INT_CONVERSION = YES;
				CLANG_WARN_NON_LITERAL_NULL_CONVERSION = YES;
				CLANG_WARN_OBJC_IMPLICIT_RETAIN_SELF = YES;
				CLANG_WARN_OBJC_LITERAL_CONVERSION = YES;
				CLANG_WARN_OBJC_ROOT_CLASS = YES_ERROR;
				CLANG_WARN_QUOTED_INCLUDE_IN_FRAMEWORK_HEADER = YES;
				CLANG_WARN_RANGE_LOOP_ANALYSIS = YES;
				CLANG_WARN_STRICT_PROTOTYPES = YES;
				CLANG_WARN_SUSPICIOUS_MOVE = YES;
				CLANG_WARN_UNGUARDED_AVAILABILITY = YES_AGGRESSIVE;
				CLANG_WARN_UNREACHABLE_CODE = YES;
				CLANG_WARN__DUPLICATE_METHOD_MATCH = YES;
				COPY_PHASE_STRIP = NO;
				DEBUG_INFORMATION_FORMAT = "dwarf-with-dsym";
				ENABLE_NS_ASSERTIONS = NO;
				ENABLE_STRICT_OBJC_MSGSEND = YES;
				GCC_C_LANGUAGE_STANDARD = gnu11;
				GCC_NO_COMMON_BLOCKS = YES;
				GCC_WARN_64_TO_32_BIT_CONVERSION = YES;
				GCC_WARN_ABOUT_RETURN_TYPE = YES_ERROR;
				GCC_WARN_UNDECLARED_SELECTOR = YES;
				GCC_WARN_UNINITIALIZED_AUTOS = YES_AGGRESSIVE;
				GCC_WARN_UNUSED_FUNCTION = YES;
				GCC_WARN_UNUSED_VARIABLE = YES;
				IPHONEOS_DEPLOYMENT_TARGET = 16.2;
				MTL_ENABLE_DEBUG_INFO = NO;
				MTL_FAST_MATH = YES;
				SDKROOT = iphoneos;
				SWIFT_COMPILATION_MODE = wholemodule;
				SWIFT_OPTIMIZATION_LEVEL = "-O";
				VALIDATE_PRODUCT = YES;
			};
			name = Release;
		};
		228D75D6295BE03300BBEBFC /* Debug */ = {
			isa = XCBuildConfiguration;
			buildSettings = {
				ASSETCATALOG_COMPILER_APPICON_NAME = AppIcon;
				ASSETCATALOG_COMPILER_GLOBAL_ACCENT_COLOR_NAME = AccentColor;
				CODE_SIGN_STYLE = Automatic;
				CURRENT_PROJECT_VERSION = 1;
				DEVELOPMENT_TEAM = KKC94RBSUC;
				GENERATE_INFOPLIST_FILE = YES;
				INFOPLIST_FILE = SchoolAppDemo/Info.plist;
				INFOPLIST_KEY_CFBundleDisplayName = "";
				INFOPLIST_KEY_LSApplicationCategoryType = "public.app-category.education";
				INFOPLIST_KEY_UIApplicationSupportsIndirectInputEvents = YES;
				INFOPLIST_KEY_UILaunchStoryboardName = LaunchScreen.storyboard;
				INFOPLIST_KEY_UISupportedInterfaceOrientations = UIInterfaceOrientationPortrait;
				INFOPLIST_KEY_UISupportedInterfaceOrientations_iPad = "UIInterfaceOrientationLandscapeLeft UIInterfaceOrientationLandscapeRight UIInterfaceOrientationPortrait UIInterfaceOrientationPortraitUpsideDown";
				LD_RUNPATH_SEARCH_PATHS = (
					"$(inherited)",
					"@executable_path/Frameworks",
				);
				MARKETING_VERSION = 1.0;
				PRODUCT_BUNDLE_IDENTIFIER = com.xavius.SchoolAppDemo;
				PRODUCT_NAME = "$(TARGET_NAME)";
				SUPPORTED_PLATFORMS = "iphoneos iphonesimulator";
				SUPPORTS_MACCATALYST = NO;
				SUPPORTS_MAC_DESIGNED_FOR_IPHONE_IPAD = NO;
				SWIFT_EMIT_LOC_STRINGS = YES;
				SWIFT_VERSION = 5.0;
				TARGETED_DEVICE_FAMILY = 1;
			};
			name = Debug;
		};
		228D75D7295BE03300BBEBFC /* Release */ = {
			isa = XCBuildConfiguration;
			buildSettings = {
				ASSETCATALOG_COMPILER_APPICON_NAME = AppIcon;
				ASSETCATALOG_COMPILER_GLOBAL_ACCENT_COLOR_NAME = AccentColor;
				CODE_SIGN_STYLE = Automatic;
				CURRENT_PROJECT_VERSION = 1;
				DEVELOPMENT_TEAM = KKC94RBSUC;
				GENERATE_INFOPLIST_FILE = YES;
				INFOPLIST_FILE = SchoolAppDemo/Info.plist;
				INFOPLIST_KEY_CFBundleDisplayName = "";
				INFOPLIST_KEY_LSApplicationCategoryType = "public.app-category.education";
				INFOPLIST_KEY_UIApplicationSupportsIndirectInputEvents = YES;
				INFOPLIST_KEY_UILaunchStoryboardName = LaunchScreen.storyboard;
				INFOPLIST_KEY_UISupportedInterfaceOrientations = UIInterfaceOrientationPortrait;
				INFOPLIST_KEY_UISupportedInterfaceOrientations_iPad = "UIInterfaceOrientationLandscapeLeft UIInterfaceOrientationLandscapeRight UIInterfaceOrientationPortrait UIInterfaceOrientationPortraitUpsideDown";
				LD_RUNPATH_SEARCH_PATHS = (
					"$(inherited)",
					"@executable_path/Frameworks",
				);
				MARKETING_VERSION = 1.0;
				PRODUCT_BUNDLE_IDENTIFIER = com.xavius.SchoolAppDemo;
				PRODUCT_NAME = "$(TARGET_NAME)";
				SUPPORTED_PLATFORMS = "iphoneos iphonesimulator";
				SUPPORTS_MACCATALYST = NO;
				SUPPORTS_MAC_DESIGNED_FOR_IPHONE_IPAD = NO;
				SWIFT_EMIT_LOC_STRINGS = YES;
				SWIFT_VERSION = 5.0;
				TARGETED_DEVICE_FAMILY = 1;
			};
			name = Release;
		};
/* End XCBuildConfiguration section */

/* Begin XCConfigurationList section */
		228D75BC295BE03100BBEBFC /* Build configuration list for PBXProject "SchoolAppDemo" */ = {
			isa = XCConfigurationList;
			buildConfigurations = (
				228D75D3295BE03300BBEBFC /* Debug */,
				228D75D4295BE03300BBEBFC /* Release */,
			);
			defaultConfigurationIsVisible = 0;
			defaultConfigurationName = Release;
		};
		228D75D5295BE03300BBEBFC /* Build configuration list for PBXNativeTarget "SchoolAppDemo" */ = {
			isa = XCConfigurationList;
			buildConfigurations = (
				228D75D6295BE03300BBEBFC /* Debug */,
				228D75D7295BE03300BBEBFC /* Release */,
			);
			defaultConfigurationIsVisible = 0;
			defaultConfigurationName = Release;
		};
/* End XCConfigurationList section */
	};
	rootObject = 228D75B9295BE03100BBEBFC /* Project object */;
}
